
Microsoft Visual Studio Solution File, Format Version 12.00
# Visual Studio Version 17
VisualStudioVersion = 17.14.36327.8
MinimumVisualStudioVersion = 10.0.40219.1
Project("{FAE04EC0-301F-11D3-BF4B-00C04F79EFBC}") = "ALTA", "ALTA.csproj", "{76A29684-2263-4037-A40A-2FBA30EE9A96}"
EndProject
Project("{FAE04EC0-301F-11D3-BF4B-00C04F79EFBC}") = "ALTA.Tests", "..\ALTA.Tests\ALTA.Tests.csproj", "{3BDF43C8-211B-48AC-B509-9D373831F65B}"
EndProject
Global
	GlobalSection(SolutionConfigurationPlatforms) = preSolution
		Debug|Any CPU = Debug|Any CPU
		Debug|x64 = Debug|x64
		Debug|x86 = Debug|x86
		Release|Any CPU = Release|Any CPU
		Release|x64 = Release|x64
		Release|x86 = Release|x86
	EndGlobalSection
	GlobalSection(ProjectConfigurationPlatforms) = postSolution
		{76A29684-2263-4037-A40A-2FBA30EE9A96}.Debug|Any CPU.ActiveCfg = Debug|Any CPU
		{76A29684-2263-4037-A40A-2FBA30EE9A96}.Debug|Any CPU.Build.0 = Debug|Any CPU
		{76A29684-2263-4037-A40A-2FBA30EE9A96}.Debug|x64.ActiveCfg = Debug|Any CPU
		{76A29684-2263-4037-A40A-2FBA30EE9A96}.Debug|x64.Build.0 = Debug|Any CPU
		{76A29684-2263-4037-A40A-2FBA30EE9A96}.Debug|x86.ActiveCfg = Debug|Any CPU
		{76A29684-2263-4037-A40A-2FBA30EE9A96}.Debug|x86.Build.0 = Debug|Any CPU
		{76A29684-2263-4037-A40A-2FBA30EE9A96}.Release|Any CPU.ActiveCfg = Release|Any CPU
		{76A29684-2263-4037-A40A-2FBA30EE9A96}.Release|Any CPU.Build.0 = Release|Any CPU
		{76A29684-2263-4037-A40A-2FBA30EE9A96}.Release|x64.ActiveCfg = Release|Any CPU
		{76A29684-2263-4037-A40A-2FBA30EE9A96}.Release|x64.Build.0 = Release|Any CPU
		{76A29684-2263-4037-A40A-2FBA30EE9A96}.Release|x86.ActiveCfg = Release|Any CPU
		{76A29684-2263-4037-A40A-2FBA30EE9A96}.Release|x86.Build.0 = Release|Any CPU
		{3BDF43C8-211B-48AC-B509-9D373831F65B}.Debug|Any CPU.ActiveCfg = Debug|Any CPU
		{3BDF43C8-211B-48AC-B509-9D373831F65B}.Debug|Any CPU.Build.0 = Debug|Any CPU
		{3BDF43C8-211B-48AC-B509-9D373831F65B}.Debug|x64.ActiveCfg = Debug|Any CPU
		{3BDF43C8-211B-48AC-B509-9D373831F65B}.Debug|x64.Build.0 = Debug|Any CPU
		{3BDF43C8-211B-48AC-B509-9D373831F65B}.Debug|x86.ActiveCfg = Debug|Any CPU
		{3BDF43C8-211B-48AC-B509-9D373831F65B}.Debug|x86.Build.0 = Debug|Any CPU
		{3BDF43C8-211B-48AC-B509-9D373831F65B}.Release|Any CPU.ActiveCfg = Release|Any CPU
		{3BDF43C8-211B-48AC-B509-9D373831F65B}.Release|Any CPU.Build.0 = Release|Any CPU
		{3BDF43C8-211B-48AC-B509-9D373831F65B}.Release|x64.ActiveCfg = Release|Any CPU
		{3BDF43C8-211B-48AC-B509-9D373831F65B}.Release|x64.Build.0 = Release|Any CPU
		{3BDF43C8-211B-48AC-B509-9D373831F65B}.Release|x86.ActiveCfg = Release|Any CPU
		{3BDF43C8-211B-48AC-B509-9D373831F65B}.Release|x86.Build.0 = Release|Any CPU
	EndGlobalSection
	GlobalSection(SolutionProperties) = preSolution
		HideSolutionNode = FALSE
	EndGlobalSection
	GlobalSection(ExtensibilityGlobals) = postSolution
		SolutionGuid = {E502EED3-F87A-4218-9906-C64386365C09}
	EndGlobalSection
EndGlobal
